
Microsoft Visual Studio Solution File, Format Version 12.00
# Visual Studio Version 17
VisualStudioVersion = 17.14.36202.13 d17.14
MinimumVisualStudioVersion = 10.0.40219.1
Project("{FAE04EC0-301F-11D3-BF4B-00C04F79EFBC}") = "zrfisaac", "zrfisaac.csproj", "{5F20024E-2EC6-4F33-BE9F-9A648ABDC482}"
EndProject
Global
	GlobalSection(SolutionConfigurationPlatforms) = preSolution
		Debug|Any CPU = Debug|Any CPU
		Release|Any CPU = Release|Any CPU
	EndGlobalSection
	GlobalSection(ProjectConfigurationPlatforms) = postSolution
		{5F20024E-2EC6-4F33-BE9F-9A648ABDC482}.Debug|Any CPU.ActiveCfg = Debug|Any CPU
		{5F20024E-2EC6-4F33-BE9F-9A648ABDC482}.Debug|Any CPU.Build.0 = Debug|Any CPU
		{5F20024E-2EC6-4F33-BE9F-9A648ABDC482}.Release|Any CPU.ActiveCfg = Release|Any CPU
		{5F20024E-2EC6-4F33-BE9F-9A648ABDC482}.Release|Any CPU.Build.0 = Release|Any CPU
	EndGlobalSection
	GlobalSection(SolutionProperties) = preSolution
		HideSolutionNode = FALSE
	EndGlobalSection
	GlobalSection(ExtensibilityGlobals) = postSolution
		SolutionGuid = {387E8060-01EA-44DA-AEF6-63EE2F1A8530}
	EndGlobalSection
EndGlobal
